// !$*UTF8*$!
{
	archiveVersion = 1;
	classes = {
	};
	objectVersion = 56;
	objects = {

/* Begin PBXBuildFile section */
		30271B652CEB492900FA43D5 /* MainTabView.swift in Sources */ = {isa = PBXBuildFile; fileRef = 30271B642CEB492900FA43D5 /* MainTabView.swift */; };
		30271B672CEB4B2300FA43D5 /* RecipeDetailView.swift in Sources */ = {isa = PBXBuildFile; fileRef = 30271B662CEB4B2300FA43D5 /* RecipeDetailView.swift */; };
		30271B6D2CEB5A0A00FA43D5 /* SearchViewViewModel.swift in Sources */ = {isa = PBXBuildFile; fileRef = 30271B6C2CEB5A0A00FA43D5 /* SearchViewViewModel.swift */; };
		30271B6F2CEB5A2700FA43D5 /* ProfileViewViewModel.swift in Sources */ = {isa = PBXBuildFile; fileRef = 30271B6E2CEB5A2700FA43D5 /* ProfileViewViewModel.swift */; };
		30271B712CEB5D6000FA43D5 /* Recipe.swift in Sources */ = {isa = PBXBuildFile; fileRef = 30271B702CEB5D6000FA43D5 /* Recipe.swift */; };
		3029B2C12D3E703500D310A7 /* VerificationView.swift in Sources */ = {isa = PBXBuildFile; fileRef = 3029B2C02D3E703500D310A7 /* VerificationView.swift */; };
		3029B2C32D3E73FA00D310A7 /* VerificationViewViewModel.swift in Sources */ = {isa = PBXBuildFile; fileRef = 3029B2C22D3E73FA00D310A7 /* VerificationViewViewModel.swift */; };
		3029B2C52D3EF9BC00D310A7 /* LoadingView.swift in Sources */ = {isa = PBXBuildFile; fileRef = 3029B2C42D3EF9BC00D310A7 /* LoadingView.swift */; };
		3029B2C72D3F8C4100D310A7 /* FavoriteView.swift in Sources */ = {isa = PBXBuildFile; fileRef = 3029B2C62D3F8C4100D310A7 /* FavoriteView.swift */; };
		305CE8A72D455A14005FD629 /* RecipesCardView.swift in Sources */ = {isa = PBXBuildFile; fileRef = 305CE8A62D455A14005FD629 /* RecipesCardView.swift */; };
		305CE8A92D456467005FD629 /* ChefSpecialsView.swift in Sources */ = {isa = PBXBuildFile; fileRef = 305CE8A82D456467005FD629 /* ChefSpecialsView.swift */; };
		305CE9082D4971BC005FD629 /* RecentSearchesView.swift in Sources */ = {isa = PBXBuildFile; fileRef = 305CE9072D4971BC005FD629 /* RecentSearchesView.swift */; };
		305CE90A2D4971EA005FD629 /* RecentSearchesManager.swift in Sources */ = {isa = PBXBuildFile; fileRef = 305CE9092D4971EA005FD629 /* RecentSearchesManager.swift */; };
		305CE90C2D5290A2005FD629 /* IngredientsViewModel.swift in Sources */ = {isa = PBXBuildFile; fileRef = 305CE90B2D5290A2005FD629 /* IngredientsViewModel.swift */; };
		305CE90E2D529A0E005FD629 /* FoodCategory.swift in Sources */ = {isa = PBXBuildFile; fileRef = 305CE90D2D529A0E005FD629 /* FoodCategory.swift */; };
		305CE9102D529A56005FD629 /* Ingredients.swift in Sources */ = {isa = PBXBuildFile; fileRef = 305CE90F2D529A56005FD629 /* Ingredients.swift */; };
		305CE9142D529DC2005FD629 /* IngredientsCardView.swift in Sources */ = {isa = PBXBuildFile; fileRef = 305CE9132D529DC2005FD629 /* IngredientsCardView.swift */; };
		306391942CEDC7A50096F047 /* GenerativeAI-Info.plist in Resources */ = {isa = PBXBuildFile; fileRef = 306391932CEDC7A50096F047 /* GenerativeAI-Info.plist */; };
		306391962CEDC8310096F047 /* APIKey.swift in Sources */ = {isa = PBXBuildFile; fileRef = 306391952CEDC8310096F047 /* APIKey.swift */; };
		306391982CEE16170096F047 /* RecipeService.swift in Sources */ = {isa = PBXBuildFile; fileRef = 306391972CEE16170096F047 /* RecipeService.swift */; };
		306AA50E2D19F6DB0071C740 /* InfoPill.swift in Sources */ = {isa = PBXBuildFile; fileRef = 306AA50D2D19F6DB0071C740 /* InfoPill.swift */; };
		306AA5912D1CA2DF0071C740 /* DailyRecipesViewViewModel.swift in Sources */ = {isa = PBXBuildFile; fileRef = 306AA5902D1CA2DF0071C740 /* DailyRecipesViewViewModel.swift */; };
		306AA5932D1CA2F10071C740 /* DailyRecipesView.swift in Sources */ = {isa = PBXBuildFile; fileRef = 306AA5922D1CA2F10071C740 /* DailyRecipesView.swift */; };
		306F8E5D2D3BAB7A00E308B1 /* WelcomeView.swift in Sources */ = {isa = PBXBuildFile; fileRef = 306F8E5C2D3BAB7A00E308B1 /* WelcomeView.swift */; };
		306F8E612D3C1FB200E308B1 /* ForgotPasswordView.swift in Sources */ = {isa = PBXBuildFile; fileRef = 306F8E602D3C1FB200E308B1 /* ForgotPasswordView.swift */; };
		306F8E632D3C205E00E308B1 /* ForgotPasswordViewViewModel.swift in Sources */ = {isa = PBXBuildFile; fileRef = 306F8E622D3C205E00E308B1 /* ForgotPasswordViewViewModel.swift */; };
		309F4E6F2D21C3A5008A3936 /* TabButtonView.swift in Sources */ = {isa = PBXBuildFile; fileRef = 309F4E6E2D21C3A5008A3936 /* TabButtonView.swift */; };
		309F4E842D29D09C008A3936 /* CustomAlertView.swift in Sources */ = {isa = PBXBuildFile; fileRef = 309F4E832D29D09C008A3936 /* CustomAlertView.swift */; };
		30A453522D5A1ED4003665B6 /* GradientButtonView.swift in Sources */ = {isa = PBXBuildFile; fileRef = 30A453512D5A1ED4003665B6 /* GradientButtonView.swift */; };
		30A4B1072D1F06E3009BF054 /* Lottie in Frameworks */ = {isa = PBXBuildFile; productRef = 30A4B1062D1F06E3009BF054 /* Lottie */; };
		30A4B1092D1F0741009BF054 /* Lottie.swift in Sources */ = {isa = PBXBuildFile; fileRef = 30A4B1082D1F0741009BF054 /* Lottie.swift */; };
		30A4B10B2D1F0976009BF054 /* Food.json in Resources */ = {isa = PBXBuildFile; fileRef = 30A4B10A2D1F0976009BF054 /* Food.json */; };
		30A4B10D2D1F1C1A009BF054 /* Loading.json in Resources */ = {isa = PBXBuildFile; fileRef = 30A4B10C2D1F1C1A009BF054 /* Loading.json */; };
		30A4B10F2D1F3920009BF054 /* FavoriteRecipesManager.swift in Sources */ = {isa = PBXBuildFile; fileRef = 30A4B10E2D1F3920009BF054 /* FavoriteRecipesManager.swift */; };
		30BDD5172CC3D6EA006F8EFA /* YemekAtlasApp.swift in Sources */ = {isa = PBXBuildFile; fileRef = 30BDD5162CC3D6EA006F8EFA /* YemekAtlasApp.swift */; };
		30BDD5192CC3D6EA006F8EFA /* MainView.swift in Sources */ = {isa = PBXBuildFile; fileRef = 30BDD5182CC3D6EA006F8EFA /* MainView.swift */; };
		30BDD51B2CC3D6EB006F8EFA /* Assets.xcassets in Resources */ = {isa = PBXBuildFile; fileRef = 30BDD51A2CC3D6EB006F8EFA /* Assets.xcassets */; };
		30BDD51E2CC3D6EB006F8EFA /* Preview Assets.xcassets in Resources */ = {isa = PBXBuildFile; fileRef = 30BDD51D2CC3D6EB006F8EFA /* Preview Assets.xcassets */; };
		30BDD5262CC3D778006F8EFA /* FirebaseAnalytics in Frameworks */ = {isa = PBXBuildFile; productRef = 30BDD5252CC3D778006F8EFA /* FirebaseAnalytics */; };
		30BDD5282CC3D778006F8EFA /* FirebaseAnalyticsOnDeviceConversion in Frameworks */ = {isa = PBXBuildFile; productRef = 30BDD5272CC3D778006F8EFA /* FirebaseAnalyticsOnDeviceConversion */; };
		30BDD52A2CC3D778006F8EFA /* FirebaseAnalyticsWithoutAdIdSupport in Frameworks */ = {isa = PBXBuildFile; productRef = 30BDD5292CC3D778006F8EFA /* FirebaseAnalyticsWithoutAdIdSupport */; };
		30BDD52C2CC3D778006F8EFA /* FirebaseAppCheck in Frameworks */ = {isa = PBXBuildFile; productRef = 30BDD52B2CC3D778006F8EFA /* FirebaseAppCheck */; };
		30BDD52E2CC3D778006F8EFA /* FirebaseAppDistribution-Beta in Frameworks */ = {isa = PBXBuildFile; productRef = 30BDD52D2CC3D778006F8EFA /* FirebaseAppDistribution-Beta */; };
		30BDD5302CC3D778006F8EFA /* FirebaseAuth in Frameworks */ = {isa = PBXBuildFile; productRef = 30BDD52F2CC3D778006F8EFA /* FirebaseAuth */; };
		30BDD5322CC3D778006F8EFA /* FirebaseAuthCombine-Community in Frameworks */ = {isa = PBXBuildFile; productRef = 30BDD5312CC3D778006F8EFA /* FirebaseAuthCombine-Community */; };
		30BDD5342CC3D778006F8EFA /* FirebaseCore in Frameworks */ = {isa = PBXBuildFile; productRef = 30BDD5332CC3D778006F8EFA /* FirebaseCore */; };
		30BDD5362CC3D778006F8EFA /* FirebaseCrashlytics in Frameworks */ = {isa = PBXBuildFile; productRef = 30BDD5352CC3D778006F8EFA /* FirebaseCrashlytics */; };
		30BDD5382CC3D778006F8EFA /* FirebaseDatabase in Frameworks */ = {isa = PBXBuildFile; productRef = 30BDD5372CC3D778006F8EFA /* FirebaseDatabase */; };
		30BDD53A2CC3D778006F8EFA /* FirebaseDynamicLinks in Frameworks */ = {isa = PBXBuildFile; productRef = 30BDD5392CC3D778006F8EFA /* FirebaseDynamicLinks */; };
		30BDD53C2CC3D778006F8EFA /* FirebaseFirestore in Frameworks */ = {isa = PBXBuildFile; productRef = 30BDD53B2CC3D778006F8EFA /* FirebaseFirestore */; };
		30BDD53E2CC3D778006F8EFA /* FirebaseFirestoreCombine-Community in Frameworks */ = {isa = PBXBuildFile; productRef = 30BDD53D2CC3D778006F8EFA /* FirebaseFirestoreCombine-Community */; };
		30BDD5402CC3D778006F8EFA /* FirebaseFunctions in Frameworks */ = {isa = PBXBuildFile; productRef = 30BDD53F2CC3D778006F8EFA /* FirebaseFunctions */; };
		30BDD5422CC3D778006F8EFA /* FirebaseFunctionsCombine-Community in Frameworks */ = {isa = PBXBuildFile; productRef = 30BDD5412CC3D778006F8EFA /* FirebaseFunctionsCombine-Community */; };
		30BDD5442CC3D778006F8EFA /* FirebaseInAppMessaging-Beta in Frameworks */ = {isa = PBXBuildFile; productRef = 30BDD5432CC3D778006F8EFA /* FirebaseInAppMessaging-Beta */; };
		30BDD5462CC3D778006F8EFA /* FirebaseInstallations in Frameworks */ = {isa = PBXBuildFile; productRef = 30BDD5452CC3D778006F8EFA /* FirebaseInstallations */; };
		30BDD5482CC3D778006F8EFA /* FirebaseMLModelDownloader in Frameworks */ = {isa = PBXBuildFile; productRef = 30BDD5472CC3D778006F8EFA /* FirebaseMLModelDownloader */; };
		30BDD54A2CC3D778006F8EFA /* FirebaseMessaging in Frameworks */ = {isa = PBXBuildFile; productRef = 30BDD5492CC3D778006F8EFA /* FirebaseMessaging */; };
		30BDD54C2CC3D778006F8EFA /* FirebasePerformance in Frameworks */ = {isa = PBXBuildFile; productRef = 30BDD54B2CC3D778006F8EFA /* FirebasePerformance */; };
		30BDD54E2CC3D778006F8EFA /* FirebaseRemoteConfig in Frameworks */ = {isa = PBXBuildFile; productRef = 30BDD54D2CC3D778006F8EFA /* FirebaseRemoteConfig */; };
		30BDD5502CC3D778006F8EFA /* FirebaseStorage in Frameworks */ = {isa = PBXBuildFile; productRef = 30BDD54F2CC3D778006F8EFA /* FirebaseStorage */; };
		30BDD5522CC3D778006F8EFA /* FirebaseStorageCombine-Community in Frameworks */ = {isa = PBXBuildFile; productRef = 30BDD5512CC3D778006F8EFA /* FirebaseStorageCombine-Community */; };
		30BDD5542CC3D778006F8EFA /* FirebaseVertexAI-Preview in Frameworks */ = {isa = PBXBuildFile; productRef = 30BDD5532CC3D778006F8EFA /* FirebaseVertexAI-Preview */; };
		30BDD5592CC3ED0A006F8EFA /* GoogleService-Info.plist in Resources */ = {isa = PBXBuildFile; fileRef = 30BDD5582CC3ED0A006F8EFA /* GoogleService-Info.plist */; };
		30BDD55E2CC3F04E006F8EFA /* FirstView.swift in Sources */ = {isa = PBXBuildFile; fileRef = 30BDD55D2CC3F04E006F8EFA /* FirstView.swift */; };
		30BDD5622CC42FBA006F8EFA /* RegisterView.swift in Sources */ = {isa = PBXBuildFile; fileRef = 30BDD5612CC42FBA006F8EFA /* RegisterView.swift */; };
		30BDD5642CC45A63006F8EFA /* LoginView.swift in Sources */ = {isa = PBXBuildFile; fileRef = 30BDD5632CC45A63006F8EFA /* LoginView.swift */; };
		30BDD5682CC52606006F8EFA /* AgreementView.swift in Sources */ = {isa = PBXBuildFile; fileRef = 30BDD5672CC52606006F8EFA /* AgreementView.swift */; };
		30BDD56B2CC709F8006F8EFA /* LoginViewViewModel.swift in Sources */ = {isa = PBXBuildFile; fileRef = 30BDD56A2CC709F8006F8EFA /* LoginViewViewModel.swift */; };
		30BDD56D2CC70A0C006F8EFA /* RegisterViewViewModel.swift in Sources */ = {isa = PBXBuildFile; fileRef = 30BDD56C2CC70A0C006F8EFA /* RegisterViewViewModel.swift */; };
		30D2347D2CD0F5A800CFBA7F /* User.swift in Sources */ = {isa = PBXBuildFile; fileRef = 30D2347C2CD0F5A800CFBA7F /* User.swift */; };
		30D2347F2CD0FC3B00CFBA7F /* Extensions.swift in Sources */ = {isa = PBXBuildFile; fileRef = 30D2347E2CD0FC3B00CFBA7F /* Extensions.swift */; };
		30D234812CD0FEF900CFBA7F /* MainViewViewModel.swift in Sources */ = {isa = PBXBuildFile; fileRef = 30D234802CD0FEF900CFBA7F /* MainViewViewModel.swift */; };
		30D234832CD1031600CFBA7F /* SearchView.swift in Sources */ = {isa = PBXBuildFile; fileRef = 30D234822CD1031600CFBA7F /* SearchView.swift */; };
		30D234862CEA6D3500CFBA7F /* GoogleGenerativeAI in Frameworks */ = {isa = PBXBuildFile; productRef = 30D234852CEA6D3500CFBA7F /* GoogleGenerativeAI */; };
		30F4C7AE2D5E172E007B5710 /* IngredientSelectionView.swift in Sources */ = {isa = PBXBuildFile; fileRef = 30F4C7AD2D5E172E007B5710 /* IngredientSelectionView.swift */; };
		30F4C7B02D5F5791007B5710 /* SettingsView.swift in Sources */ = {isa = PBXBuildFile; fileRef = 30F4C7AF2D5F5791007B5710 /* SettingsView.swift */; };
		30F4C7B22D5F5855007B5710 /* UserProfileDetailView.swift in Sources */ = {isa = PBXBuildFile; fileRef = 30F4C7B12D5F5855007B5710 /* UserProfileDetailView.swift */; };
		30F4C7B42D5F6583007B5710 /* SettingCardView.swift in Sources */ = {isa = PBXBuildFile; fileRef = 30F4C7B32D5F6583007B5710 /* SettingCardView.swift */; };
		30F4C7B62D5F6B2A007B5710 /* PreferencesView.swift in Sources */ = {isa = PBXBuildFile; fileRef = 30F4C7B52D5F6B2A007B5710 /* PreferencesView.swift */; };
/* End PBXBuildFile section */

/* Begin PBXFileReference section */
		30271B642CEB492900FA43D5 /* MainTabView.swift */ = {isa = PBXFileReference; lastKnownFileType = sourcecode.swift; path = MainTabView.swift; sourceTree = "<group>"; };
		30271B662CEB4B2300FA43D5 /* RecipeDetailView.swift */ = {isa = PBXFileReference; lastKnownFileType = sourcecode.swift; path = RecipeDetailView.swift; sourceTree = "<group>"; };
		30271B6C2CEB5A0A00FA43D5 /* SearchViewViewModel.swift */ = {isa = PBXFileReference; lastKnownFileType = sourcecode.swift; path = SearchViewViewModel.swift; sourceTree = "<group>"; };
		30271B6E2CEB5A2700FA43D5 /* ProfileViewViewModel.swift */ = {isa = PBXFileReference; lastKnownFileType = sourcecode.swift; path = ProfileViewViewModel.swift; sourceTree = "<group>"; };
		30271B702CEB5D6000FA43D5 /* Recipe.swift */ = {isa = PBXFileReference; lastKnownFileType = sourcecode.swift; path = Recipe.swift; sourceTree = "<group>"; };
		3029B2C02D3E703500D310A7 /* VerificationView.swift */ = {isa = PBXFileReference; lastKnownFileType = sourcecode.swift; path = VerificationView.swift; sourceTree = "<group>"; };
		3029B2C22D3E73FA00D310A7 /* VerificationViewViewModel.swift */ = {isa = PBXFileReference; lastKnownFileType = sourcecode.swift; path = VerificationViewViewModel.swift; sourceTree = "<group>"; };
		3029B2C42D3EF9BC00D310A7 /* LoadingView.swift */ = {isa = PBXFileReference; lastKnownFileType = sourcecode.swift; path = LoadingView.swift; sourceTree = "<group>"; };
		3029B2C62D3F8C4100D310A7 /* FavoriteView.swift */ = {isa = PBXFileReference; lastKnownFileType = sourcecode.swift; path = FavoriteView.swift; sourceTree = "<group>"; };
		305CE8A62D455A14005FD629 /* RecipesCardView.swift */ = {isa = PBXFileReference; lastKnownFileType = sourcecode.swift; path = RecipesCardView.swift; sourceTree = "<group>"; };
		305CE8A82D456467005FD629 /* ChefSpecialsView.swift */ = {isa = PBXFileReference; lastKnownFileType = sourcecode.swift; path = ChefSpecialsView.swift; sourceTree = "<group>"; };
		305CE9072D4971BC005FD629 /* RecentSearchesView.swift */ = {isa = PBXFileReference; lastKnownFileType = sourcecode.swift; path = RecentSearchesView.swift; sourceTree = "<group>"; };
		305CE9092D4971EA005FD629 /* RecentSearchesManager.swift */ = {isa = PBXFileReference; lastKnownFileType = sourcecode.swift; path = RecentSearchesManager.swift; sourceTree = "<group>"; };
		305CE90B2D5290A2005FD629 /* IngredientsViewModel.swift */ = {isa = PBXFileReference; lastKnownFileType = sourcecode.swift; path = IngredientsViewModel.swift; sourceTree = "<group>"; };
		305CE90D2D529A0E005FD629 /* FoodCategory.swift */ = {isa = PBXFileReference; lastKnownFileType = sourcecode.swift; path = FoodCategory.swift; sourceTree = "<group>"; };
		305CE90F2D529A56005FD629 /* Ingredients.swift */ = {isa = PBXFileReference; lastKnownFileType = sourcecode.swift; path = Ingredients.swift; sourceTree = "<group>"; };
		305CE9132D529DC2005FD629 /* IngredientsCardView.swift */ = {isa = PBXFileReference; lastKnownFileType = sourcecode.swift; path = IngredientsCardView.swift; sourceTree = "<group>"; };
		306391932CEDC7A50096F047 /* GenerativeAI-Info.plist */ = {isa = PBXFileReference; lastKnownFileType = text.plist.xml; path = "GenerativeAI-Info.plist"; sourceTree = "<group>"; };
		306391952CEDC8310096F047 /* APIKey.swift */ = {isa = PBXFileReference; lastKnownFileType = sourcecode.swift; path = APIKey.swift; sourceTree = "<group>"; };
		306391972CEE16170096F047 /* RecipeService.swift */ = {isa = PBXFileReference; lastKnownFileType = sourcecode.swift; path = RecipeService.swift; sourceTree = "<group>"; };
		306AA50D2D19F6DB0071C740 /* InfoPill.swift */ = {isa = PBXFileReference; lastKnownFileType = sourcecode.swift; path = InfoPill.swift; sourceTree = "<group>"; };
		306AA5902D1CA2DF0071C740 /* DailyRecipesViewViewModel.swift */ = {isa = PBXFileReference; lastKnownFileType = sourcecode.swift; path = DailyRecipesViewViewModel.swift; sourceTree = "<group>"; };
		306AA5922D1CA2F10071C740 /* DailyRecipesView.swift */ = {isa = PBXFileReference; lastKnownFileType = sourcecode.swift; path = DailyRecipesView.swift; sourceTree = "<group>"; };
		306F8E5C2D3BAB7A00E308B1 /* WelcomeView.swift */ = {isa = PBXFileReference; lastKnownFileType = sourcecode.swift; path = WelcomeView.swift; sourceTree = "<group>"; };
		306F8E602D3C1FB200E308B1 /* ForgotPasswordView.swift */ = {isa = PBXFileReference; lastKnownFileType = sourcecode.swift; path = ForgotPasswordView.swift; sourceTree = "<group>"; };
		306F8E622D3C205E00E308B1 /* ForgotPasswordViewViewModel.swift */ = {isa = PBXFileReference; lastKnownFileType = sourcecode.swift; path = ForgotPasswordViewViewModel.swift; sourceTree = "<group>"; };
		309F4E6E2D21C3A5008A3936 /* TabButtonView.swift */ = {isa = PBXFileReference; lastKnownFileType = sourcecode.swift; path = TabButtonView.swift; sourceTree = "<group>"; };
		309F4E832D29D09C008A3936 /* CustomAlertView.swift */ = {isa = PBXFileReference; lastKnownFileType = sourcecode.swift; path = CustomAlertView.swift; sourceTree = "<group>"; };
		30A453512D5A1ED4003665B6 /* GradientButtonView.swift */ = {isa = PBXFileReference; lastKnownFileType = sourcecode.swift; path = GradientButtonView.swift; sourceTree = "<group>"; };
		30A4B1082D1F0741009BF054 /* Lottie.swift */ = {isa = PBXFileReference; lastKnownFileType = sourcecode.swift; path = Lottie.swift; sourceTree = "<group>"; };
		30A4B10A2D1F0976009BF054 /* Food.json */ = {isa = PBXFileReference; lastKnownFileType = text.json; path = Food.json; sourceTree = "<group>"; };
		30A4B10C2D1F1C1A009BF054 /* Loading.json */ = {isa = PBXFileReference; lastKnownFileType = text.json; path = Loading.json; sourceTree = "<group>"; };
		30A4B10E2D1F3920009BF054 /* FavoriteRecipesManager.swift */ = {isa = PBXFileReference; lastKnownFileType = sourcecode.swift; path = FavoriteRecipesManager.swift; sourceTree = "<group>"; };
		30BDD5132CC3D6EA006F8EFA /* YemekAtlas.app */ = {isa = PBXFileReference; explicitFileType = wrapper.application; includeInIndex = 0; path = YemekAtlas.app; sourceTree = BUILT_PRODUCTS_DIR; };
		30BDD5162CC3D6EA006F8EFA /* YemekAtlasApp.swift */ = {isa = PBXFileReference; lastKnownFileType = sourcecode.swift; path = YemekAtlasApp.swift; sourceTree = "<group>"; };
		30BDD5182CC3D6EA006F8EFA /* MainView.swift */ = {isa = PBXFileReference; lastKnownFileType = sourcecode.swift; path = MainView.swift; sourceTree = "<group>"; };
		30BDD51A2CC3D6EB006F8EFA /* Assets.xcassets */ = {isa = PBXFileReference; lastKnownFileType = folder.assetcatalog; path = Assets.xcassets; sourceTree = "<group>"; };
		30BDD51D2CC3D6EB006F8EFA /* Preview Assets.xcassets */ = {isa = PBXFileReference; lastKnownFileType = folder.assetcatalog; path = "Preview Assets.xcassets"; sourceTree = "<group>"; };
		30BDD5582CC3ED0A006F8EFA /* GoogleService-Info.plist */ = {isa = PBXFileReference; fileEncoding = 4; lastKnownFileType = text.plist.xml; path = "GoogleService-Info.plist"; sourceTree = "<group>"; };
		30BDD55D2CC3F04E006F8EFA /* FirstView.swift */ = {isa = PBXFileReference; lastKnownFileType = sourcecode.swift; path = FirstView.swift; sourceTree = "<group>"; };
		30BDD5612CC42FBA006F8EFA /* RegisterView.swift */ = {isa = PBXFileReference; lastKnownFileType = sourcecode.swift; path = RegisterView.swift; sourceTree = "<group>"; };
		30BDD5632CC45A63006F8EFA /* LoginView.swift */ = {isa = PBXFileReference; lastKnownFileType = sourcecode.swift; path = LoginView.swift; sourceTree = "<group>"; };
		30BDD5672CC52606006F8EFA /* AgreementView.swift */ = {isa = PBXFileReference; lastKnownFileType = sourcecode.swift; path = AgreementView.swift; sourceTree = "<group>"; };
		30BDD56A2CC709F8006F8EFA /* LoginViewViewModel.swift */ = {isa = PBXFileReference; lastKnownFileType = sourcecode.swift; path = LoginViewViewModel.swift; sourceTree = "<group>"; };
		30BDD56C2CC70A0C006F8EFA /* RegisterViewViewModel.swift */ = {isa = PBXFileReference; lastKnownFileType = sourcecode.swift; path = RegisterViewViewModel.swift; sourceTree = "<group>"; };
		30D2347C2CD0F5A800CFBA7F /* User.swift */ = {isa = PBXFileReference; lastKnownFileType = sourcecode.swift; path = User.swift; sourceTree = "<group>"; };
		30D2347E2CD0FC3B00CFBA7F /* Extensions.swift */ = {isa = PBXFileReference; lastKnownFileType = sourcecode.swift; path = Extensions.swift; sourceTree = "<group>"; };
		30D234802CD0FEF900CFBA7F /* MainViewViewModel.swift */ = {isa = PBXFileReference; lastKnownFileType = sourcecode.swift; path = MainViewViewModel.swift; sourceTree = "<group>"; };
		30D234822CD1031600CFBA7F /* SearchView.swift */ = {isa = PBXFileReference; lastKnownFileType = sourcecode.swift; path = SearchView.swift; sourceTree = "<group>"; };
		30F4C7AD2D5E172E007B5710 /* IngredientSelectionView.swift */ = {isa = PBXFileReference; lastKnownFileType = sourcecode.swift; path = IngredientSelectionView.swift; sourceTree = "<group>"; };
		30F4C7AF2D5F5791007B5710 /* SettingsView.swift */ = {isa = PBXFileReference; lastKnownFileType = sourcecode.swift; path = SettingsView.swift; sourceTree = "<group>"; };
		30F4C7B12D5F5855007B5710 /* UserProfileDetailView.swift */ = {isa = PBXFileReference; lastKnownFileType = sourcecode.swift; path = UserProfileDetailView.swift; sourceTree = "<group>"; };
		30F4C7B32D5F6583007B5710 /* SettingCardView.swift */ = {isa = PBXFileReference; lastKnownFileType = sourcecode.swift; path = SettingCardView.swift; sourceTree = "<group>"; };
		30F4C7B52D5F6B2A007B5710 /* PreferencesView.swift */ = {isa = PBXFileReference; lastKnownFileType = sourcecode.swift; path = PreferencesView.swift; sourceTree = "<group>"; };
/* End PBXFileReference section */

/* Begin PBXFrameworksBuildPhase section */
		30BDD5102CC3D6EA006F8EFA /* Frameworks */ = {
			isa = PBXFrameworksBuildPhase;
			buildActionMask = 2147483647;
			files = (
				30BDD5542CC3D778006F8EFA /* FirebaseVertexAI-Preview in Frameworks */,
				30BDD53E2CC3D778006F8EFA /* FirebaseFirestoreCombine-Community in Frameworks */,
				30BDD5402CC3D778006F8EFA /* FirebaseFunctions in Frameworks */,
				30BDD54C2CC3D778006F8EFA /* FirebasePerformance in Frameworks */,
				30BDD5522CC3D778006F8EFA /* FirebaseStorageCombine-Community in Frameworks */,
				30D234862CEA6D3500CFBA7F /* GoogleGenerativeAI in Frameworks */,
				30BDD54E2CC3D778006F8EFA /* FirebaseRemoteConfig in Frameworks */,
				30BDD5382CC3D778006F8EFA /* FirebaseDatabase in Frameworks */,
				30BDD53A2CC3D778006F8EFA /* FirebaseDynamicLinks in Frameworks */,
				30BDD52C2CC3D778006F8EFA /* FirebaseAppCheck in Frameworks */,
				30BDD5302CC3D778006F8EFA /* FirebaseAuth in Frameworks */,
				30BDD5262CC3D778006F8EFA /* FirebaseAnalytics in Frameworks */,
				30BDD53C2CC3D778006F8EFA /* FirebaseFirestore in Frameworks */,
				30A4B1072D1F06E3009BF054 /* Lottie in Frameworks */,
				30BDD54A2CC3D778006F8EFA /* FirebaseMessaging in Frameworks */,
				30BDD5462CC3D778006F8EFA /* FirebaseInstallations in Frameworks */,
				30BDD5422CC3D778006F8EFA /* FirebaseFunctionsCombine-Community in Frameworks */,
				30BDD52E2CC3D778006F8EFA /* FirebaseAppDistribution-Beta in Frameworks */,
				30BDD52A2CC3D778006F8EFA /* FirebaseAnalyticsWithoutAdIdSupport in Frameworks */,
				30BDD5442CC3D778006F8EFA /* FirebaseInAppMessaging-Beta in Frameworks */,
				30BDD5322CC3D778006F8EFA /* FirebaseAuthCombine-Community in Frameworks */,
				30BDD5362CC3D778006F8EFA /* FirebaseCrashlytics in Frameworks */,
				30BDD5482CC3D778006F8EFA /* FirebaseMLModelDownloader in Frameworks */,
				30BDD5502CC3D778006F8EFA /* FirebaseStorage in Frameworks */,
				30BDD5342CC3D778006F8EFA /* FirebaseCore in Frameworks */,
				30BDD5282CC3D778006F8EFA /* FirebaseAnalyticsOnDeviceConversion in Frameworks */,
			);
			runOnlyForDeploymentPostprocessing = 0;
		};
/* End PBXFrameworksBuildPhase section */

/* Begin PBXGroup section */
		30271B5F2CEB488D00FA43D5 /* TabBar */ = {
			isa = PBXGroup;
			children = (
				30271B642CEB492900FA43D5 /* MainTabView.swift */,
			);
			path = TabBar;
			sourceTree = "<group>";
		};
		30BDD50A2CC3D6E9006F8EFA = {
			isa = PBXGroup;
			children = (
				30BDD5152CC3D6EA006F8EFA /* YemekAtlas */,
				30BDD5142CC3D6EA006F8EFA /* Products */,
			);
			sourceTree = "<group>";
		};
		30BDD5142CC3D6EA006F8EFA /* Products */ = {
			isa = PBXGroup;
			children = (
				30BDD5132CC3D6EA006F8EFA /* YemekAtlas.app */,
			);
			name = Products;
			sourceTree = "<group>";
		};
		30BDD5152CC3D6EA006F8EFA /* YemekAtlas */ = {
			isa = PBXGroup;
			children = (
				30271B5F2CEB488D00FA43D5 /* TabBar */,
				30D2347B2CD0F59800CFBA7F /* Models */,
				30BDD5692CC709D9006F8EFA /* ViewModel */,
				30BDD55A2CC3EE77006F8EFA /* Other */,
				30BDD5572CC3EAB9006F8EFA /* Views */,
				30BDD51C2CC3D6EB006F8EFA /* Preview Content */,
				306391932CEDC7A50096F047 /* GenerativeAI-Info.plist */,
				306391952CEDC8310096F047 /* APIKey.swift */,
				306391972CEE16170096F047 /* RecipeService.swift */,
				30A4B1082D1F0741009BF054 /* Lottie.swift */,
				30A4B10A2D1F0976009BF054 /* Food.json */,
				30A4B10C2D1F1C1A009BF054 /* Loading.json */,
			);
			path = YemekAtlas;
			sourceTree = "<group>";
		};
		30BDD51C2CC3D6EB006F8EFA /* Preview Content */ = {
			isa = PBXGroup;
			children = (
				30BDD51D2CC3D6EB006F8EFA /* Preview Assets.xcassets */,
			);
			path = "Preview Content";
			sourceTree = "<group>";
		};
		30BDD5572CC3EAB9006F8EFA /* Views */ = {
			isa = PBXGroup;
			children = (
				30BDD5182CC3D6EA006F8EFA /* MainView.swift */,
				30BDD55D2CC3F04E006F8EFA /* FirstView.swift */,
				30BDD5612CC42FBA006F8EFA /* RegisterView.swift */,
				30BDD5632CC45A63006F8EFA /* LoginView.swift */,
				30BDD5672CC52606006F8EFA /* AgreementView.swift */,
				30D234822CD1031600CFBA7F /* SearchView.swift */,
				30271B662CEB4B2300FA43D5 /* RecipeDetailView.swift */,
				306AA50D2D19F6DB0071C740 /* InfoPill.swift */,
				306AA5922D1CA2F10071C740 /* DailyRecipesView.swift */,
				309F4E6E2D21C3A5008A3936 /* TabButtonView.swift */,
				309F4E832D29D09C008A3936 /* CustomAlertView.swift */,
				306F8E5C2D3BAB7A00E308B1 /* WelcomeView.swift */,
				306F8E602D3C1FB200E308B1 /* ForgotPasswordView.swift */,
				3029B2C02D3E703500D310A7 /* VerificationView.swift */,
				3029B2C42D3EF9BC00D310A7 /* LoadingView.swift */,
				3029B2C62D3F8C4100D310A7 /* FavoriteView.swift */,
				305CE8A62D455A14005FD629 /* RecipesCardView.swift */,
				305CE8A82D456467005FD629 /* ChefSpecialsView.swift */,
				305CE9072D4971BC005FD629 /* RecentSearchesView.swift */,
				30F4C7AD2D5E172E007B5710 /* IngredientSelectionView.swift */,
				305CE9132D529DC2005FD629 /* IngredientsCardView.swift */,
				30A453512D5A1ED4003665B6 /* GradientButtonView.swift */,
				30F4C7AF2D5F5791007B5710 /* SettingsView.swift */,
				30F4C7B12D5F5855007B5710 /* UserProfileDetailView.swift */,
				30F4C7B32D5F6583007B5710 /* SettingCardView.swift */,
				30F4C7B52D5F6B2A007B5710 /* PreferencesView.swift */,
			);
			path = Views;
			sourceTree = "<group>";
		};
		30BDD55A2CC3EE77006F8EFA /* Other */ = {
			isa = PBXGroup;
			children = (
				30BDD5162CC3D6EA006F8EFA /* YemekAtlasApp.swift */,
				30BDD5582CC3ED0A006F8EFA /* GoogleService-Info.plist */,
				30BDD51A2CC3D6EB006F8EFA /* Assets.xcassets */,
				30D2347E2CD0FC3B00CFBA7F /* Extensions.swift */,
			);
			path = Other;
			sourceTree = "<group>";
		};
		30BDD5692CC709D9006F8EFA /* ViewModel */ = {
			isa = PBXGroup;
			children = (
				305CE9092D4971EA005FD629 /* RecentSearchesManager.swift */,
				30BDD56A2CC709F8006F8EFA /* LoginViewViewModel.swift */,
				30BDD56C2CC70A0C006F8EFA /* RegisterViewViewModel.swift */,
				30D234802CD0FEF900CFBA7F /* MainViewViewModel.swift */,
				30271B6C2CEB5A0A00FA43D5 /* SearchViewViewModel.swift */,
				30271B6E2CEB5A2700FA43D5 /* ProfileViewViewModel.swift */,
				306AA5902D1CA2DF0071C740 /* DailyRecipesViewViewModel.swift */,
				30A4B10E2D1F3920009BF054 /* FavoriteRecipesManager.swift */,
				306F8E622D3C205E00E308B1 /* ForgotPasswordViewViewModel.swift */,
				3029B2C22D3E73FA00D310A7 /* VerificationViewViewModel.swift */,
				305CE90B2D5290A2005FD629 /* IngredientsViewModel.swift */,
			);
			path = ViewModel;
			sourceTree = "<group>";
		};
		30D2347B2CD0F59800CFBA7F /* Models */ = {
			isa = PBXGroup;
			children = (
				30D2347C2CD0F5A800CFBA7F /* User.swift */,
				30271B702CEB5D6000FA43D5 /* Recipe.swift */,
				305CE90D2D529A0E005FD629 /* FoodCategory.swift */,
				305CE90F2D529A56005FD629 /* Ingredients.swift */,
			);
			path = Models;
			sourceTree = "<group>";
		};
/* End PBXGroup section */

/* Begin PBXNativeTarget section */
		30BDD5122CC3D6EA006F8EFA /* YemekAtlas */ = {
			isa = PBXNativeTarget;
			buildConfigurationList = 30BDD5212CC3D6EB006F8EFA /* Build configuration list for PBXNativeTarget "YemekAtlas" */;
			buildPhases = (
				30BDD50F2CC3D6EA006F8EFA /* Sources */,
				30BDD5102CC3D6EA006F8EFA /* Frameworks */,
				30BDD5112CC3D6EA006F8EFA /* Resources */,
			);
			buildRules = (
			);
			dependencies = (
			);
			name = YemekAtlas;
			packageProductDependencies = (
				30BDD5252CC3D778006F8EFA /* FirebaseAnalytics */,
				30BDD5272CC3D778006F8EFA /* FirebaseAnalyticsOnDeviceConversion */,
				30BDD5292CC3D778006F8EFA /* FirebaseAnalyticsWithoutAdIdSupport */,
				30BDD52B2CC3D778006F8EFA /* FirebaseAppCheck */,
				30BDD52D2CC3D778006F8EFA /* FirebaseAppDistribution-Beta */,
				30BDD52F2CC3D778006F8EFA /* FirebaseAuth */,
				30BDD5312CC3D778006F8EFA /* FirebaseAuthCombine-Community */,
				30BDD5332CC3D778006F8EFA /* FirebaseCore */,
				30BDD5352CC3D778006F8EFA /* FirebaseCrashlytics */,
				30BDD5372CC3D778006F8EFA /* FirebaseDatabase */,
				30BDD5392CC3D778006F8EFA /* FirebaseDynamicLinks */,
				30BDD53B2CC3D778006F8EFA /* FirebaseFirestore */,
				30BDD53D2CC3D778006F8EFA /* FirebaseFirestoreCombine-Community */,
				30BDD53F2CC3D778006F8EFA /* FirebaseFunctions */,
				30BDD5412CC3D778006F8EFA /* FirebaseFunctionsCombine-Community */,
				30BDD5432CC3D778006F8EFA /* FirebaseInAppMessaging-Beta */,
				30BDD5452CC3D778006F8EFA /* FirebaseInstallations */,
				30BDD5472CC3D778006F8EFA /* FirebaseMLModelDownloader */,
				30BDD5492CC3D778006F8EFA /* FirebaseMessaging */,
				30BDD54B2CC3D778006F8EFA /* FirebasePerformance */,
				30BDD54D2CC3D778006F8EFA /* FirebaseRemoteConfig */,
				30BDD54F2CC3D778006F8EFA /* FirebaseStorage */,
				30BDD5512CC3D778006F8EFA /* FirebaseStorageCombine-Community */,
				30BDD5532CC3D778006F8EFA /* FirebaseVertexAI-Preview */,
				30D234852CEA6D3500CFBA7F /* GoogleGenerativeAI */,
				30A4B1062D1F06E3009BF054 /* Lottie */,
			);
			productName = YemekAtlas;
			productReference = 30BDD5132CC3D6EA006F8EFA /* YemekAtlas.app */;
			productType = "com.apple.product-type.application";
		};
/* End PBXNativeTarget section */

/* Begin PBXProject section */
		30BDD50B2CC3D6E9006F8EFA /* Project object */ = {
			isa = PBXProject;
			attributes = {
				BuildIndependentTargetsInParallel = 1;
				LastSwiftUpdateCheck = 1540;
				LastUpgradeCheck = 1540;
				TargetAttributes = {
					30BDD5122CC3D6EA006F8EFA = {
						CreatedOnToolsVersion = 15.4;
					};
				};
			};
			buildConfigurationList = 30BDD50E2CC3D6E9006F8EFA /* Build configuration list for PBXProject "YemekAtlas" */;
			compatibilityVersion = "Xcode 14.0";
			developmentRegion = en;
			hasScannedForEncodings = 0;
			knownRegions = (
				en,
				Base,
			);
			mainGroup = 30BDD50A2CC3D6E9006F8EFA;
			packageReferences = (
				30BDD5242CC3D778006F8EFA /* XCRemoteSwiftPackageReference "firebase-ios-sdk" */,
				30D234842CEA6D3500CFBA7F /* XCRemoteSwiftPackageReference "generative-ai-swift" */,
				30A4B1052D1F06E3009BF054 /* XCRemoteSwiftPackageReference "lottie-spm" */,
				3029B2C82D44079E00D310A7 /* XCRemoteSwiftPackageReference "GoogleSignIn-iOS" */,
			);
			productRefGroup = 30BDD5142CC3D6EA006F8EFA /* Products */;
			projectDirPath = "";
			projectRoot = "";
			targets = (
				30BDD5122CC3D6EA006F8EFA /* YemekAtlas */,
			);
		};
/* End PBXProject section */

/* Begin PBXResourcesBuildPhase section */
		30BDD5112CC3D6EA006F8EFA /* Resources */ = {
			isa = PBXResourcesBuildPhase;
			buildActionMask = 2147483647;
			files = (
				30A4B10D2D1F1C1A009BF054 /* Loading.json in Resources */,
				30BDD51E2CC3D6EB006F8EFA /* Preview Assets.xcassets in Resources */,
				30BDD51B2CC3D6EB006F8EFA /* Assets.xcassets in Resources */,
				306391942CEDC7A50096F047 /* GenerativeAI-Info.plist in Resources */,
				30A4B10B2D1F0976009BF054 /* Food.json in Resources */,
				30BDD5592CC3ED0A006F8EFA /* GoogleService-Info.plist in Resources */,
			);
			runOnlyForDeploymentPostprocessing = 0;
		};
/* End PBXResourcesBuildPhase section */

/* Begin PBXSourcesBuildPhase section */
		30BDD50F2CC3D6EA006F8EFA /* Sources */ = {
			isa = PBXSourcesBuildPhase;
			buildActionMask = 2147483647;
			files = (
				306F8E612D3C1FB200E308B1 /* ForgotPasswordView.swift in Sources */,
				305CE90C2D5290A2005FD629 /* IngredientsViewModel.swift in Sources */,
				30BDD5682CC52606006F8EFA /* AgreementView.swift in Sources */,
				305CE90E2D529A0E005FD629 /* FoodCategory.swift in Sources */,
				305CE8A72D455A14005FD629 /* RecipesCardView.swift in Sources */,
				306AA5932D1CA2F10071C740 /* DailyRecipesView.swift in Sources */,
				30BDD5642CC45A63006F8EFA /* LoginView.swift in Sources */,
				305CE90A2D4971EA005FD629 /* RecentSearchesManager.swift in Sources */,
				30D234812CD0FEF900CFBA7F /* MainViewViewModel.swift in Sources */,
				30271B6F2CEB5A2700FA43D5 /* ProfileViewViewModel.swift in Sources */,
				30271B672CEB4B2300FA43D5 /* RecipeDetailView.swift in Sources */,
				305CE9102D529A56005FD629 /* Ingredients.swift in Sources */,
				305CE9142D529DC2005FD629 /* IngredientsCardView.swift in Sources */,
				30F4C7B62D5F6B2A007B5710 /* PreferencesView.swift in Sources */,
				306F8E5D2D3BAB7A00E308B1 /* WelcomeView.swift in Sources */,
				306391962CEDC8310096F047 /* APIKey.swift in Sources */,
				30F4C7AE2D5E172E007B5710 /* IngredientSelectionView.swift in Sources */,
				306391982CEE16170096F047 /* RecipeService.swift in Sources */,
				3029B2C32D3E73FA00D310A7 /* VerificationViewViewModel.swift in Sources */,
				30271B6D2CEB5A0A00FA43D5 /* SearchViewViewModel.swift in Sources */,
				30BDD56B2CC709F8006F8EFA /* LoginViewViewModel.swift in Sources */,
				30BDD5192CC3D6EA006F8EFA /* MainView.swift in Sources */,
				30A453522D5A1ED4003665B6 /* GradientButtonView.swift in Sources */,
				30F4C7B22D5F5855007B5710 /* UserProfileDetailView.swift in Sources */,
				30A4B1092D1F0741009BF054 /* Lottie.swift in Sources */,
				3029B2C52D3EF9BC00D310A7 /* LoadingView.swift in Sources */,
				30BDD5622CC42FBA006F8EFA /* RegisterView.swift in Sources */,
				30BDD5172CC3D6EA006F8EFA /* YemekAtlasApp.swift in Sources */,
				309F4E6F2D21C3A5008A3936 /* TabButtonView.swift in Sources */,
				30D234832CD1031600CFBA7F /* SearchView.swift in Sources */,
				306F8E632D3C205E00E308B1 /* ForgotPasswordViewViewModel.swift in Sources */,
				30F4C7B02D5F5791007B5710 /* SettingsView.swift in Sources */,
				309F4E842D29D09C008A3936 /* CustomAlertView.swift in Sources */,
				305CE9082D4971BC005FD629 /* RecentSearchesView.swift in Sources */,
				305CE8A92D456467005FD629 /* ChefSpecialsView.swift in Sources */,
				30BDD55E2CC3F04E006F8EFA /* FirstView.swift in Sources */,
				30D2347D2CD0F5A800CFBA7F /* User.swift in Sources */,
				30271B652CEB492900FA43D5 /* MainTabView.swift in Sources */,
				30D2347F2CD0FC3B00CFBA7F /* Extensions.swift in Sources */,
				30A4B10F2D1F3920009BF054 /* FavoriteRecipesManager.swift in Sources */,
				30F4C7B42D5F6583007B5710 /* SettingCardView.swift in Sources */,
				3029B2C12D3E703500D310A7 /* VerificationView.swift in Sources */,
				306AA50E2D19F6DB0071C740 /* InfoPill.swift in Sources */,
				30BDD56D2CC70A0C006F8EFA /* RegisterViewViewModel.swift in Sources */,
				306AA5912D1CA2DF0071C740 /* DailyRecipesViewViewModel.swift in Sources */,
				30271B712CEB5D6000FA43D5 /* Recipe.swift in Sources */,
				3029B2C72D3F8C4100D310A7 /* FavoriteView.swift in Sources */,
			);
			runOnlyForDeploymentPostprocessing = 0;
		};
/* End PBXSourcesBuildPhase section */

/* Begin XCBuildConfiguration section */
		30BDD51F2CC3D6EB006F8EFA /* Debug */ = {
			isa = XCBuildConfiguration;
			buildSettings = {
				ALWAYS_SEARCH_USER_PATHS = NO;
				ASSETCATALOG_COMPILER_GENERATE_SWIFT_ASSET_SYMBOL_EXTENSIONS = YES;
				CLANG_ANALYZER_NONNULL = YES;
				CLANG_ANALYZER_NUMBER_OBJECT_CONVERSION = YES_AGGRESSIVE;
				CLANG_CXX_LANGUAGE_STANDARD = "gnu++20";
				CLANG_ENABLE_MODULES = YES;
				CLANG_ENABLE_OBJC_ARC = YES;
				CLANG_ENABLE_OBJC_WEAK = YES;
				CLANG_WARN_BLOCK_CAPTURE_AUTORELEASING = YES;
				CLANG_WARN_BOOL_CONVERSION = YES;
				CLANG_WARN_COMMA = YES;
				CLANG_WARN_CONSTANT_CONVERSION = YES;
				CLANG_WARN_DEPRECATED_OBJC_IMPLEMENTATIONS = YES;
				CLANG_WARN_DIRECT_OBJC_ISA_USAGE = YES_ERROR;
				CLANG_WARN_DOCUMENTATION_COMMENTS = YES;
				CLANG_WARN_EMPTY_BODY = YES;
				CLANG_WARN_ENUM_CONVERSION = YES;
				CLANG_WARN_INFINITE_RECURSION = YES;
				CLANG_WARN_INT_CONVERSION = YES;
				CLANG_WARN_NON_LITERAL_NULL_CONVERSION = YES;
				CLANG_WARN_OBJC_IMPLICIT_RETAIN_SELF = YES;
				CLANG_WARN_OBJC_LITERAL_CONVERSION = YES;
				CLANG_WARN_OBJC_ROOT_CLASS = YES_ERROR;
				CLANG_WARN_QUOTED_INCLUDE_IN_FRAMEWORK_HEADER = YES;
				CLANG_WARN_RANGE_LOOP_ANALYSIS = YES;
				CLANG_WARN_STRICT_PROTOTYPES = YES;
				CLANG_WARN_SUSPICIOUS_MOVE = YES;
				CLANG_WARN_UNGUARDED_AVAILABILITY = YES_AGGRESSIVE;
				CLANG_WARN_UNREACHABLE_CODE = YES;
				CLANG_WARN__DUPLICATE_METHOD_MATCH = YES;
				COPY_PHASE_STRIP = NO;
				DEBUG_INFORMATION_FORMAT = dwarf;
				ENABLE_STRICT_OBJC_MSGSEND = YES;
				ENABLE_TESTABILITY = YES;
				ENABLE_USER_SCRIPT_SANDBOXING = YES;
				GCC_C_LANGUAGE_STANDARD = gnu17;
				GCC_DYNAMIC_NO_PIC = NO;
				GCC_NO_COMMON_BLOCKS = YES;
				GCC_OPTIMIZATION_LEVEL = 0;
				GCC_PREPROCESSOR_DEFINITIONS = (
					"DEBUG=1",
					"$(inherited)",
				);
				GCC_WARN_64_TO_32_BIT_CONVERSION = YES;
				GCC_WARN_ABOUT_RETURN_TYPE = YES_ERROR;
				GCC_WARN_UNDECLARED_SELECTOR = YES;
				GCC_WARN_UNINITIALIZED_AUTOS = YES_AGGRESSIVE;
				GCC_WARN_UNUSED_FUNCTION = YES;
				GCC_WARN_UNUSED_VARIABLE = YES;
				IPHONEOS_DEPLOYMENT_TARGET = 17.5;
				LOCALIZATION_PREFERS_STRING_CATALOGS = YES;
				MTL_ENABLE_DEBUG_INFO = INCLUDE_SOURCE;
				MTL_FAST_MATH = YES;
				ONLY_ACTIVE_ARCH = YES;
				SDKROOT = iphoneos;
				SWIFT_ACTIVE_COMPILATION_CONDITIONS = "DEBUG $(inherited)";
				SWIFT_OPTIMIZATION_LEVEL = "-Onone";
			};
			name = Debug;
		};
		30BDD5202CC3D6EB006F8EFA /* Release */ = {
			isa = XCBuildConfiguration;
			buildSettings = {
				ALWAYS_SEARCH_USER_PATHS = NO;
				ASSETCATALOG_COMPILER_GENERATE_SWIFT_ASSET_SYMBOL_EXTENSIONS = YES;
				CLANG_ANALYZER_NONNULL = YES;
				CLANG_ANALYZER_NUMBER_OBJECT_CONVERSION = YES_AGGRESSIVE;
				CLANG_CXX_LANGUAGE_STANDARD = "gnu++20";
				CLANG_ENABLE_MODULES = YES;
				CLANG_ENABLE_OBJC_ARC = YES;
				CLANG_ENABLE_OBJC_WEAK = YES;
				CLANG_WARN_BLOCK_CAPTURE_AUTORELEASING = YES;
				CLANG_WARN_BOOL_CONVERSION = YES;
				CLANG_WARN_COMMA = YES;
				CLANG_WARN_CONSTANT_CONVERSION = YES;
				CLANG_WARN_DEPRECATED_OBJC_IMPLEMENTATIONS = YES;
				CLANG_WARN_DIRECT_OBJC_ISA_USAGE = YES_ERROR;
				CLANG_WARN_DOCUMENTATION_COMMENTS = YES;
				CLANG_WARN_EMPTY_BODY = YES;
				CLANG_WARN_ENUM_CONVERSION = YES;
				CLANG_WARN_INFINITE_RECURSION = YES;
				CLANG_WARN_INT_CONVERSION = YES;
				CLANG_WARN_NON_LITERAL_NULL_CONVERSION = YES;
				CLANG_WARN_OBJC_IMPLICIT_RETAIN_SELF = YES;
				CLANG_WARN_OBJC_LITERAL_CONVERSION = YES;
				CLANG_WARN_OBJC_ROOT_CLASS = YES_ERROR;
				CLANG_WARN_QUOTED_INCLUDE_IN_FRAMEWORK_HEADER = YES;
				CLANG_WARN_RANGE_LOOP_ANALYSIS = YES;
				CLANG_WARN_STRICT_PROTOTYPES = YES;
				CLANG_WARN_SUSPICIOUS_MOVE = YES;
				CLANG_WARN_UNGUARDED_AVAILABILITY = YES_AGGRESSIVE;
				CLANG_WARN_UNREACHABLE_CODE = YES;
				CLANG_WARN__DUPLICATE_METHOD_MATCH = YES;
				COPY_PHASE_STRIP = NO;
				DEBUG_INFORMATION_FORMAT = "dwarf-with-dsym";
				ENABLE_NS_ASSERTIONS = NO;
				ENABLE_STRICT_OBJC_MSGSEND = YES;
				ENABLE_USER_SCRIPT_SANDBOXING = YES;
				GCC_C_LANGUAGE_STANDARD = gnu17;
				GCC_NO_COMMON_BLOCKS = YES;
				GCC_WARN_64_TO_32_BIT_CONVERSION = YES;
				GCC_WARN_ABOUT_RETURN_TYPE = YES_ERROR;
				GCC_WARN_UNDECLARED_SELECTOR = YES;
				GCC_WARN_UNINITIALIZED_AUTOS = YES_AGGRESSIVE;
				GCC_WARN_UNUSED_FUNCTION = YES;
				GCC_WARN_UNUSED_VARIABLE = YES;
				IPHONEOS_DEPLOYMENT_TARGET = 17.5;
				LOCALIZATION_PREFERS_STRING_CATALOGS = YES;
				MTL_ENABLE_DEBUG_INFO = NO;
				MTL_FAST_MATH = YES;
				SDKROOT = iphoneos;
				SWIFT_COMPILATION_MODE = wholemodule;
				VALIDATE_PRODUCT = YES;
			};
			name = Release;
		};
		30BDD5222CC3D6EB006F8EFA /* Debug */ = {
			isa = XCBuildConfiguration;
			buildSettings = {
				ASSETCATALOG_COMPILER_APPICON_NAME = AppIcon;
				ASSETCATALOG_COMPILER_GLOBAL_ACCENT_COLOR_NAME = AccentColor;
				CODE_SIGN_STYLE = Automatic;
				CURRENT_PROJECT_VERSION = 1;
				DEVELOPMENT_ASSET_PATHS = "\"YemekAtlas/Preview Content\"";
				DEVELOPMENT_TEAM = 75TSHHWFW3;
				ENABLE_PREVIEWS = YES;
				GENERATE_INFOPLIST_FILE = YES;
				INFOPLIST_KEY_UIApplicationSceneManifest_Generation = YES;
				INFOPLIST_KEY_UIApplicationSupportsIndirectInputEvents = YES;
				INFOPLIST_KEY_UILaunchScreen_Generation = YES;
				INFOPLIST_KEY_UISupportedInterfaceOrientations_iPad = "UIInterfaceOrientationPortrait UIInterfaceOrientationPortraitUpsideDown UIInterfaceOrientationLandscapeLeft UIInterfaceOrientationLandscapeRight";
				INFOPLIST_KEY_UISupportedInterfaceOrientations_iPhone = "UIInterfaceOrientationPortrait UIInterfaceOrientationLandscapeLeft UIInterfaceOrientationLandscapeRight";
				LD_RUNPATH_SEARCH_PATHS = (
					"$(inherited)",
					"@executable_path/Frameworks",
				);
				MARKETING_VERSION = 1.0;
				PRODUCT_BUNDLE_IDENTIFIER = com.selahattinedin.YemekAtlas;
				PRODUCT_NAME = "$(TARGET_NAME)";
				SWIFT_EMIT_LOC_STRINGS = YES;
				SWIFT_VERSION = 5.0;
				TARGETED_DEVICE_FAMILY = "1,2";
			};
			name = Debug;
		};
		30BDD5232CC3D6EB006F8EFA /* Release */ = {
			isa = XCBuildConfiguration;
			buildSettings = {
				ASSETCATALOG_COMPILER_APPICON_NAME = AppIcon;
				ASSETCATALOG_COMPILER_GLOBAL_ACCENT_COLOR_NAME = AccentColor;
				CODE_SIGN_STYLE = Automatic;
				CURRENT_PROJECT_VERSION = 1;
				DEVELOPMENT_ASSET_PATHS = "\"YemekAtlas/Preview Content\"";
				DEVELOPMENT_TEAM = 75TSHHWFW3;
				ENABLE_PREVIEWS = YES;
				GENERATE_INFOPLIST_FILE = YES;
				INFOPLIST_KEY_UIApplicationSceneManifest_Generation = YES;
				INFOPLIST_KEY_UIApplicationSupportsIndirectInputEvents = YES;
				INFOPLIST_KEY_UILaunchScreen_Generation = YES;
				INFOPLIST_KEY_UISupportedInterfaceOrientations_iPad = "UIInterfaceOrientationPortrait UIInterfaceOrientationPortraitUpsideDown UIInterfaceOrientationLandscapeLeft UIInterfaceOrientationLandscapeRight";
				INFOPLIST_KEY_UISupportedInterfaceOrientations_iPhone = "UIInterfaceOrientationPortrait UIInterfaceOrientationLandscapeLeft UIInterfaceOrientationLandscapeRight";
				LD_RUNPATH_SEARCH_PATHS = (
					"$(inherited)",
					"@executable_path/Frameworks",
				);
				MARKETING_VERSION = 1.0;
				PRODUCT_BUNDLE_IDENTIFIER = com.selahattinedin.YemekAtlas;
				PRODUCT_NAME = "$(TARGET_NAME)";
				SWIFT_EMIT_LOC_STRINGS = YES;
				SWIFT_VERSION = 5.0;
				TARGETED_DEVICE_FAMILY = "1,2";
			};
			name = Release;
		};
/* End XCBuildConfiguration section */

/* Begin XCConfigurationList section */
		30BDD50E2CC3D6E9006F8EFA /* Build configuration list for PBXProject "YemekAtlas" */ = {
			isa = XCConfigurationList;
			buildConfigurations = (
				30BDD51F2CC3D6EB006F8EFA /* Debug */,
				30BDD5202CC3D6EB006F8EFA /* Release */,
			);
			defaultConfigurationIsVisible = 0;
			defaultConfigurationName = Release;
		};
		30BDD5212CC3D6EB006F8EFA /* Build configuration list for PBXNativeTarget "YemekAtlas" */ = {
			isa = XCConfigurationList;
			buildConfigurations = (
				30BDD5222CC3D6EB006F8EFA /* Debug */,
				30BDD5232CC3D6EB006F8EFA /* Release */,
			);
			defaultConfigurationIsVisible = 0;
			defaultConfigurationName = Release;
		};
/* End XCConfigurationList section */

/* Begin XCRemoteSwiftPackageReference section */
		3029B2C82D44079E00D310A7 /* XCRemoteSwiftPackageReference "GoogleSignIn-iOS" */ = {
			isa = XCRemoteSwiftPackageReference;
			repositoryURL = "https://github.com/google/GoogleSignIn-iOS";
			requirement = {
				kind = upToNextMajorVersion;
				minimumVersion = 8.0.0;
			};
		};
		30A4B1052D1F06E3009BF054 /* XCRemoteSwiftPackageReference "lottie-spm" */ = {
			isa = XCRemoteSwiftPackageReference;
			repositoryURL = "https://github.com/airbnb/lottie-spm.git";
			requirement = {
				kind = upToNextMajorVersion;
				minimumVersion = 4.5.0;
			};
		};
		30BDD5242CC3D778006F8EFA /* XCRemoteSwiftPackageReference "firebase-ios-sdk" */ = {
			isa = XCRemoteSwiftPackageReference;
			repositoryURL = "https://github.com/firebase/firebase-ios-sdk.git";
			requirement = {
				kind = upToNextMajorVersion;
				minimumVersion = 11.3.0;
			};
		};
		30D234842CEA6D3500CFBA7F /* XCRemoteSwiftPackageReference "generative-ai-swift" */ = {
			isa = XCRemoteSwiftPackageReference;
			repositoryURL = "https://github.com/google/generative-ai-swift";
			requirement = {
				kind = upToNextMajorVersion;
				minimumVersion = 0.5.6;
			};
		};
/* End XCRemoteSwiftPackageReference section */

/* Begin XCSwiftPackageProductDependency section */
		30A4B1062D1F06E3009BF054 /* Lottie */ = {
			isa = XCSwiftPackageProductDependency;
			package = 30A4B1052D1F06E3009BF054 /* XCRemoteSwiftPackageReference "lottie-spm" */;
			productName = Lottie;
		};
		30BDD5252CC3D778006F8EFA /* FirebaseAnalytics */ = {
			isa = XCSwiftPackageProductDependency;
			package = 30BDD5242CC3D778006F8EFA /* XCRemoteSwiftPackageReference "firebase-ios-sdk" */;
			productName = FirebaseAnalytics;
		};
		30BDD5272CC3D778006F8EFA /* FirebaseAnalyticsOnDeviceConversion */ = {
			isa = XCSwiftPackageProductDependency;
			package = 30BDD5242CC3D778006F8EFA /* XCRemoteSwiftPackageReference "firebase-ios-sdk" */;
			productName = FirebaseAnalyticsOnDeviceConversion;
		};
		30BDD5292CC3D778006F8EFA /* FirebaseAnalyticsWithoutAdIdSupport */ = {
			isa = XCSwiftPackageProductDependency;
			package = 30BDD5242CC3D778006F8EFA /* XCRemoteSwiftPackageReference "firebase-ios-sdk" */;
			productName = FirebaseAnalyticsWithoutAdIdSupport;
		};
		30BDD52B2CC3D778006F8EFA /* FirebaseAppCheck */ = {
			isa = XCSwiftPackageProductDependency;
			package = 30BDD5242CC3D778006F8EFA /* XCRemoteSwiftPackageReference "firebase-ios-sdk" */;
			productName = FirebaseAppCheck;
		};
		30BDD52D2CC3D778006F8EFA /* FirebaseAppDistribution-Beta */ = {
			isa = XCSwiftPackageProductDependency;
			package = 30BDD5242CC3D778006F8EFA /* XCRemoteSwiftPackageReference "firebase-ios-sdk" */;
			productName = "FirebaseAppDistribution-Beta";
		};
		30BDD52F2CC3D778006F8EFA /* FirebaseAuth */ = {
			isa = XCSwiftPackageProductDependency;
			package = 30BDD5242CC3D778006F8EFA /* XCRemoteSwiftPackageReference "firebase-ios-sdk" */;
			productName = FirebaseAuth;
		};
		30BDD5312CC3D778006F8EFA /* FirebaseAuthCombine-Community */ = {
			isa = XCSwiftPackageProductDependency;
			package = 30BDD5242CC3D778006F8EFA /* XCRemoteSwiftPackageReference "firebase-ios-sdk" */;
			productName = "FirebaseAuthCombine-Community";
		};
		30BDD5332CC3D778006F8EFA /* FirebaseCore */ = {
			isa = XCSwiftPackageProductDependency;
			package = 30BDD5242CC3D778006F8EFA /* XCRemoteSwiftPackageReference "firebase-ios-sdk" */;
			productName = FirebaseCore;
		};
		30BDD5352CC3D778006F8EFA /* FirebaseCrashlytics */ = {
			isa = XCSwiftPackageProductDependency;
			package = 30BDD5242CC3D778006F8EFA /* XCRemoteSwiftPackageReference "firebase-ios-sdk" */;
			productName = FirebaseCrashlytics;
		};
		30BDD5372CC3D778006F8EFA /* FirebaseDatabase */ = {
			isa = XCSwiftPackageProductDependency;
			package = 30BDD5242CC3D778006F8EFA /* XCRemoteSwiftPackageReference "firebase-ios-sdk" */;
			productName = FirebaseDatabase;
		};
		30BDD5392CC3D778006F8EFA /* FirebaseDynamicLinks */ = {
			isa = XCSwiftPackageProductDependency;
			package = 30BDD5242CC3D778006F8EFA /* XCRemoteSwiftPackageReference "firebase-ios-sdk" */;
			productName = FirebaseDynamicLinks;
		};
		30BDD53B2CC3D778006F8EFA /* FirebaseFirestore */ = {
			isa = XCSwiftPackageProductDependency;
			package = 30BDD5242CC3D778006F8EFA /* XCRemoteSwiftPackageReference "firebase-ios-sdk" */;
			productName = FirebaseFirestore;
		};
		30BDD53D2CC3D778006F8EFA /* FirebaseFirestoreCombine-Community */ = {
			isa = XCSwiftPackageProductDependency;
			package = 30BDD5242CC3D778006F8EFA /* XCRemoteSwiftPackageReference "firebase-ios-sdk" */;
			productName = "FirebaseFirestoreCombine-Community";
		};
		30BDD53F2CC3D778006F8EFA /* FirebaseFunctions */ = {
			isa = XCSwiftPackageProductDependency;
			package = 30BDD5242CC3D778006F8EFA /* XCRemoteSwiftPackageReference "firebase-ios-sdk" */;
			productName = FirebaseFunctions;
		};
		30BDD5412CC3D778006F8EFA /* FirebaseFunctionsCombine-Community */ = {
			isa = XCSwiftPackageProductDependency;
			package = 30BDD5242CC3D778006F8EFA /* XCRemoteSwiftPackageReference "firebase-ios-sdk" */;
			productName = "FirebaseFunctionsCombine-Community";
		};
		30BDD5432CC3D778006F8EFA /* FirebaseInAppMessaging-Beta */ = {
			isa = XCSwiftPackageProductDependency;
			package = 30BDD5242CC3D778006F8EFA /* XCRemoteSwiftPackageReference "firebase-ios-sdk" */;
			productName = "FirebaseInAppMessaging-Beta";
		};
		30BDD5452CC3D778006F8EFA /* FirebaseInstallations */ = {
			isa = XCSwiftPackageProductDependency;
			package = 30BDD5242CC3D778006F8EFA /* XCRemoteSwiftPackageReference "firebase-ios-sdk" */;
			productName = FirebaseInstallations;
		};
		30BDD5472CC3D778006F8EFA /* FirebaseMLModelDownloader */ = {
			isa = XCSwiftPackageProductDependency;
			package = 30BDD5242CC3D778006F8EFA /* XCRemoteSwiftPackageReference "firebase-ios-sdk" */;
			productName = FirebaseMLModelDownloader;
		};
		30BDD5492CC3D778006F8EFA /* FirebaseMessaging */ = {
			isa = XCSwiftPackageProductDependency;
			package = 30BDD5242CC3D778006F8EFA /* XCRemoteSwiftPackageReference "firebase-ios-sdk" */;
			productName = FirebaseMessaging;
		};
		30BDD54B2CC3D778006F8EFA /* FirebasePerformance */ = {
			isa = XCSwiftPackageProductDependency;
			package = 30BDD5242CC3D778006F8EFA /* XCRemoteSwiftPackageReference "firebase-ios-sdk" */;
			productName = FirebasePerformance;
		};
		30BDD54D2CC3D778006F8EFA /* FirebaseRemoteConfig */ = {
			isa = XCSwiftPackageProductDependency;
			package = 30BDD5242CC3D778006F8EFA /* XCRemoteSwiftPackageReference "firebase-ios-sdk" */;
			productName = FirebaseRemoteConfig;
		};
		30BDD54F2CC3D778006F8EFA /* FirebaseStorage */ = {
			isa = XCSwiftPackageProductDependency;
			package = 30BDD5242CC3D778006F8EFA /* XCRemoteSwiftPackageReference "firebase-ios-sdk" */;
			productName = FirebaseStorage;
		};
		30BDD5512CC3D778006F8EFA /* FirebaseStorageCombine-Community */ = {
			isa = XCSwiftPackageProductDependency;
			package = 30BDD5242CC3D778006F8EFA /* XCRemoteSwiftPackageReference "firebase-ios-sdk" */;
			productName = "FirebaseStorageCombine-Community";
		};
		30BDD5532CC3D778006F8EFA /* FirebaseVertexAI-Preview */ = {
			isa = XCSwiftPackageProductDependency;
			package = 30BDD5242CC3D778006F8EFA /* XCRemoteSwiftPackageReference "firebase-ios-sdk" */;
			productName = "FirebaseVertexAI-Preview";
		};
		30D234852CEA6D3500CFBA7F /* GoogleGenerativeAI */ = {
			isa = XCSwiftPackageProductDependency;
			package = 30D234842CEA6D3500CFBA7F /* XCRemoteSwiftPackageReference "generative-ai-swift" */;
			productName = GoogleGenerativeAI;
		};
/* End XCSwiftPackageProductDependency section */
	};
	rootObject = 30BDD50B2CC3D6E9006F8EFA /* Project object */;
}
